PODS:
  - AYModelProtocol (0.1.0):
    - SwiftyJSON (~> 4.0.0)
  - SwiftyJSON (4.0.0)

DEPENDENCIES:
  - AYModelProtocol (from `../`)

SPEC REPOS:
  trunk:
    - SwiftyJSON

EXTERNAL SOURCES:
  AYModelProtocol:
    :path: "../"

SPEC CHECKSUMS:
  AYModelProtocol: 3be5cab17cc716792db334b03b645055cb70ee0d
  SwiftyJSON: 070dabdcb1beb81b247c65ffa3a79dbbfb3b48aa

PODFILE CHECKSUM: 9db00002ab21b70dc52d23eb01124029dd53765d

COCOAPODS: 1.10.0
